{
  "nodes": {
    "flake-utils": {
      "locked": {
        "lastModified": 1678901627,
        "narHash": "sha256-U02riOqrKKzwjsxc/400XnElV+UtPUQWpANPlyazjH0=",
        "owner": "numtide",
        "repo": "flake-utils",
        "rev": "93a2b84fc4b70d9e089d029deacc3583435c2ed6",
        "type": "github"
      },
      "original": {
        "owner": "numtide",
        "repo": "flake-utils",
        "type": "github"
      }
    },
    "naersk": {
      "inputs": {
        "nixpkgs": [
          "nixpkgs"
        ]
      },
      "locked": {
        "lastModified": 1679381791,
        "narHash": "sha256-VOhLgeFKyovk93wPGaYM+isCA053EHHPpzeR7fvonyU=",
        "owner": "nix-community",
        "repo": "naersk",
        "rev": "5c8dbab3d9fe3b3e5796f505bda2af9414bf1ddd",
        "type": "github"
      },
      "original": {
        "owner": "nix-community",
        "repo": "naersk",
        "type": "github"
      }
    },
    "nixpkgs": {
      "locked": {
        "lastModified": 1679407287,
        "narHash": "sha256-SX78IMo4Z4+GCzA/6x9f4hkLqLGdXCZYQ8CStM4uy0A=",
        "owner": "nixos",
        "repo": "nixpkgs",
        "rev": "5f6853dde96f2aa8220aef38289a37b4e8062794",
        "type": "github"
      },
      "original": {
        "owner": "nixos",
        "repo": "nixpkgs",
        "type": "github"
      }
    },
    "root": {
      "inputs": {
        "flake-utils": "flake-utils",
        "naersk": "naersk",
        "nixpkgs": "nixpkgs"
      }
    }
  },
  "root": "root",
  "version": 7
}
