{
  "nodes": {
    "flake-utils": {
      "locked": {
        "lastModified": 1678901627,
        "narHash": "sha256-U02riOqrKKzwjsxc/400XnElV+UtPUQWpANPlyazjH0=",
        "owner": "numtide",
        "repo": "flake-utils",
        "rev": "93a2b84fc4b70d9e089d029deacc3583435c2ed6",
        "type": "github"
      },
      "original": {
        "owner": "numtide",
        "repo": "flake-utils",
        "type": "github"
      }
    },
    "naersk": {
      "inputs": {
        "nixpkgs": [
          "nixpkgs"
        ]
      },
      "locked": {
        "lastModified": 1679381791,
        "narHash": "sha256-VOhLgeFKyovk93wPGaYM+isCA053EHHPpzeR7fvonyU=",
        "owner": "nix-community",
        "repo": "naersk",
        "rev": "5c8dbab3d9fe3b3e5796f505bda2af9414bf1ddd",
        "type": "github"
      },
      "original": {
        "owner": "nix-community",
        "repo": "naersk",
        "type": "github"
      }
    },
    "nixpkgs": {
      "locked": {
        "lastModified": 1679425154,
        "narHash": "sha256-Q5nRtuIT/IlEUGshmHe5PYbc9H72aps5HzP/ae8ehpo=",
        "owner": "nixos",
        "repo": "nixpkgs",
        "rev": "e400f93529cb4ad6e095e42b17b303f5003f6f26",
        "type": "github"
      },
      "original": {
        "owner": "nixos",
        "repo": "nixpkgs",
        "type": "github"
      }
    },
    "root": {
      "inputs": {
        "flake-utils": "flake-utils",
        "naersk": "naersk",
        "nixpkgs": "nixpkgs",
        "rust-overlay": "rust-overlay"
      }
    },
    "rust-overlay": {
      "inputs": {
        "flake-utils": [
          "flake-utils"
        ],
        "nixpkgs": [
          "nixpkgs"
        ]
      },
      "locked": {
        "lastModified": 1679365133,
        "narHash": "sha256-VSGnA2oXLV0dxViRS1HfwiGJPuQohQQx44OPRImpSeA=",
        "owner": "oxalica",
        "repo": "rust-overlay",
        "rev": "f5efdf14ed378aac26cadded4d0c00ca91974d32",
        "type": "github"
      },
      "original": {
        "owner": "oxalica",
        "repo": "rust-overlay",
        "type": "github"
      }
    }
  },
  "root": "root",
  "version": 7
}
